
Microsoft Visual Studio Solution File, Format Version 12.00
# Visual Studio Version 17
VisualStudioVersion = 17.0.31912.275
MinimumVisualStudioVersion = 10.0.40219.1
Project("{FAE04EC0-301F-11D3-BF4B-00C04F79EFBC}") = "Group", "Group\Group.csproj", "{83D12D66-A6AC-4917-B4E7-CF77A10AD0C4}"
EndProject
Global
	GlobalSection(SolutionConfigurationPlatforms) = preSolution
		Debug|Any CPU = Debug|Any CPU
		Release|Any CPU = Release|Any CPU
	EndGlobalSection
	GlobalSection(ProjectConfigurationPlatforms) = postSolution
		{83D12D66-A6AC-4917-B4E7-CF77A10AD0C4}.Debug|Any CPU.ActiveCfg = Debug|Any CPU
		{83D12D66-A6AC-4917-B4E7-CF77A10AD0C4}.Debug|Any CPU.Build.0 = Debug|Any CPU
		{83D12D66-A6AC-4917-B4E7-CF77A10AD0C4}.Release|Any CPU.ActiveCfg = Release|Any CPU
		{83D12D66-A6AC-4917-B4E7-CF77A10AD0C4}.Release|Any CPU.Build.0 = Release|Any CPU
	EndGlobalSection
	GlobalSection(SolutionProperties) = preSolution
		HideSolutionNode = FALSE
	EndGlobalSection
	GlobalSection(ExtensibilityGlobals) = postSolution
		SolutionGuid = {FE4708F3-7D73-4FF1-9410-FCF3D9840884}
	EndGlobalSection
EndGlobal
